<?xml version="1.0" encoding="utf-8"?>
<Project ToolsVersion="4.0" xmlns="http://schemas.microsoft.com/developer/msbuild/2003">
  <ItemGroup>
    <Filter Include="Source Files">
      <UniqueIdentifier>{4FC737F1-C7A5-4376-A066-2A32D752A2FF}</UniqueIdentifier>
      <Extensions>cpp;c;cc;cxx;def;odl;idl;hpj;bat;asm;asmx</Extensions>
    </Filter>
    <Filter Include="Header Files">
      <UniqueIdentifier>{93995380-89BD-4b04-88EB-625FBE52EBFB}</UniqueIdentifier>
      <Extensions>h;hh;hpp;hxx;hm;inl;inc;ipp;xsd</Extensions>
    </Filter>
    <Filter Include="Resource Files">
      <UniqueIdentifier>{67DA6AB6-F800-4c08-8B7A-83BB121AAD01}</UniqueIdentifier>
      <Extensions>rc;ico;cur;bmp;dlg;rc2;rct;bin;rgs;gif;jpg;jpeg;jpe;resx;tiff;tif;png;wav;mfcribbon-ms</Extensions>
    </Filter>
    <Filter Include="Objects">
      <UniqueIdentifier>{b8575e96-fc46-4017-ba59-ea96b3f5c488}</UniqueIdentifier>
    </Filter>
    <Filter Include="AnimationAndSprite">
      <UniqueIdentifier>{597b0e5b-f9ef-4053-9539-73d35c5f12d0}</UniqueIdentifier>
    </Filter>
    <Filter Include="Collision">
      <UniqueIdentifier>{d6f299dc-da9c-4d8d-9f9b-db85932b2773}</UniqueIdentifier>
    </Filter>
    <Filter Include="Utils">
      <UniqueIdentifier>{9180a3df-9877-455d-8aa5-6a6ab874b12c}</UniqueIdentifier>
    </Filter>
    <Filter Include="debug">
      <UniqueIdentifier>{af0cc1ab-9212-4e46-abda-6afab4f6f7a0}</UniqueIdentifier>
    </Filter>
    <Filter Include="Objects\Misc">
      <UniqueIdentifier>{8bbeff66-ebc4-4933-b00e-f1747374e790}</UniqueIdentifier>
    </Filter>
    <Filter Include="Objects\Enemy">
      <UniqueIdentifier>{23c4542b-80fa-4263-8078-fa932f408454}</UniqueIdentifier>
    </Filter>
    <Filter Include="Objects\Gate">
      <UniqueIdentifier>{8970a1ae-4a0d-4a44-b338-63e1b685a14d}</UniqueIdentifier>
    </Filter>
    <Filter Include="Objects\Player">
      <UniqueIdentifier>{9ee290c6-8569-4388-806a-f77b5bb69871}</UniqueIdentifier>
    </Filter>
    <Filter Include="Objects\Base">
      <UniqueIdentifier>{c689bed5-2726-4f8b-b139-b518a7921c3f}</UniqueIdentifier>
    </Filter>
    <Filter Include="Objects\Weapon">
      <UniqueIdentifier>{95e4309d-c5a6-48d2-be1a-1917cfa308e5}</UniqueIdentifier>
    </Filter>
    <Filter Include="Grid">
      <UniqueIdentifier>{6da79e65-343d-4548-8d25-e9d30bb6bb24}</UniqueIdentifier>
    </Filter>
    <Filter Include="Objects\Item">
      <UniqueIdentifier>{14b27ef0-589e-400f-8ee4-8656ebcc13f5}</UniqueIdentifier>
    </Filter>
    <Filter Include="Stair">
      <UniqueIdentifier>{b37809c6-63fe-40e4-aa0c-69316d3f42d3}</UniqueIdentifier>
    </Filter>
    <Filter Include="Camera">
      <UniqueIdentifier>{27c0f73d-6eec-4509-82a2-7d007d32638b}</UniqueIdentifier>
    </Filter>
    <Filter Include="World">
      <UniqueIdentifier>{1ead551e-5ecd-4446-9a74-617ae1046c21}</UniqueIdentifier>
    </Filter>
    <Filter Include="WindownDirectX">
      <UniqueIdentifier>{7f795d73-bce5-4b14-93f4-885a59e63a94}</UniqueIdentifier>
    </Filter>
    <Filter Include="Objects\ScoreBar">
      <UniqueIdentifier>{729ebb64-d36a-4a09-ba1f-1d93a8257068}</UniqueIdentifier>
    </Filter>
    <Filter Include="Objects\AdditionalObject">
      <UniqueIdentifier>{b3044999-378c-4acf-8ca6-c4b488f2786b}</UniqueIdentifier>
    </Filter>
  </ItemGroup>
  <ItemGroup>
    <ClInclude Include="Sprite.h">
      <Filter>AnimationAndSprite</Filter>
    </ClInclude>
    <ClInclude Include="SpriteManager.h">
      <Filter>AnimationAndSprite</Filter>
    </ClInclude>
    <ClInclude Include="Animation.h">
      <Filter>AnimationAndSprite</Filter>
    </ClInclude>
    <ClInclude Include="Collision.h">
      <Filter>Collision</Filter>
    </ClInclude>
    <ClInclude Include="Game.h">
      <Filter>WindownDirectX</Filter>
    </ClInclude>
    <ClInclude Include="GameDirectX.h">
      <Filter>WindownDirectX</Filter>
    </ClInclude>
    <ClInclude Include="GameTexture.h">
      <Filter>WindownDirectX</Filter>
    </ClInclude>
    <ClInclude Include="WindowGame.h">
      <Filter>WindownDirectX</Filter>
    </ClInclude>
    <ClInclude Include="Tilemap.h">
      <Filter>World</Filter>
    </ClInclude>
    <ClInclude Include="GameConfiguration.h">
      <Filter>Utils</Filter>
    </ClInclude>
    <ClInclude Include="GameTime.h">
      <Filter>Utils</Filter>
    </ClInclude>
    <ClInclude Include="KEY.h">
      <Filter>Utils</Filter>
    </ClInclude>
    <ClInclude Include="List.h">
      <Filter>Utils</Filter>
    </ClInclude>
    <ClInclude Include="GameUtils.h">
      <Filter>Utils</Filter>
    </ClInclude>
    <ClInclude Include="FrameAnimation.h">
      <Filter>AnimationAndSprite</Filter>
    </ClInclude>
    <ClInclude Include="CollisionType.h">
      <Filter>Collision</Filter>
    </ClInclude>
    <ClInclude Include="CollisionTypeCollide.h">
      <Filter>Collision</Filter>
    </ClInclude>
    <ClInclude Include="debug.h">
      <Filter>debug</Filter>
    </ClInclude>
    <ClInclude Include="Leopart.h">
      <Filter>Objects\Enemy</Filter>
    </ClInclude>
    <ClInclude Include="Enemy.h">
      <Filter>Objects\Enemy</Filter>
    </ClInclude>
    <ClInclude Include="Zoombie.h">
      <Filter>Objects\Enemy</Filter>
    </ClInclude>
    <ClInclude Include="fire.h">
      <Filter>Objects\Misc</Filter>
    </ClInclude>
    <ClInclude Include="Gate1.h">
      <Filter>Objects\Gate</Filter>
    </ClInclude>
    <ClInclude Include="Player.h">
      <Filter>Objects\Player</Filter>
    </ClInclude>
    <ClInclude Include="BaseObject.h">
      <Filter>Objects\Base</Filter>
    </ClInclude>
    <ClInclude Include="MovableRect.h">
      <Filter>Objects\Base</Filter>
    </ClInclude>
    <ClInclude Include="PhysicsObject.h">
      <Filter>Objects\Base</Filter>
    </ClInclude>
    <ClInclude Include="Rect.h">
      <Filter>Objects\Base</Filter>
    </ClInclude>
    <ClInclude Include="Weapon.h">
      <Filter>Objects\Weapon</Filter>
    </ClInclude>
    <ClInclude Include="Light.h">
      <Filter>Objects\Misc</Filter>
    </ClInclude>
    <ClInclude Include="DelayTime.h">
      <Filter>Utils</Filter>
    </ClInclude>
    <ClInclude Include="Cell.h">
      <Filter>Grid</Filter>
    </ClInclude>
    <ClInclude Include="Grid.h">
      <Filter>Grid</Filter>
    </ClInclude>
    <ClInclude Include="Misc.h">
      <Filter>Objects\Misc</Filter>
    </ClInclude>
    <ClInclude Include="Archery.h">
      <Filter>Objects\Item</Filter>
    </ClInclude>
    <ClInclude Include="Sword.h">
      <Filter>Objects\Item</Filter>
    </ClInclude>
    <ClInclude Include="BigHeart.h">
      <Filter>Objects\Item</Filter>
    </ClInclude>
    <ClInclude Include="Item.h">
      <Filter>Objects\Item</Filter>
    </ClInclude>
    <ClInclude Include="World.h">
      <Filter>World</Filter>
    </ClInclude>
    <ClInclude Include="Stair.h">
      <Filter>Stair</Filter>
    </ClInclude>
    <ClInclude Include="Camera.h">
      <Filter>Camera</Filter>
    </ClInclude>
    <ClInclude Include="Gate2.h">
      <Filter>Objects\Gate</Filter>
    </ClInclude>
    <ClInclude Include="Gate3.h">
      <Filter>Objects\Gate</Filter>
    </ClInclude>
    <ClInclude Include="BlackNight.h">
      <Filter>Objects\Enemy</Filter>
    </ClInclude>
    <ClInclude Include="Bat.h">
      <Filter>Objects\Enemy</Filter>
    </ClInclude>
    <ClInclude Include="Gate4.h">
      <Filter>Objects\Gate</Filter>
    </ClInclude>
    <ClInclude Include="Gate5.h">
      <Filter>Objects\Gate</Filter>
    </ClInclude>
    <ClInclude Include="Gate6.h">
      <Filter>Objects\Gate</Filter>
    </ClInclude>
    <ClInclude Include="Gate7.h">
      <Filter>Objects\Gate</Filter>
    </ClInclude>
    <ClInclude Include="Sketon.h">
      <Filter>Objects\Enemy</Filter>
    </ClInclude>
    <ClInclude Include="Fleaman.h">
      <Filter>Objects\Enemy</Filter>
    </ClInclude>
    <ClInclude Include="Raven.h">
      <Filter>Objects\Enemy</Filter>
    </ClInclude>
    <ClInclude Include="ScoreBar.h">
      <Filter>Objects\ScoreBar</Filter>
    </ClInclude>
    <ClInclude Include="Space.h">
      <Filter>World</Filter>
    </ClInclude>
    <ClInclude Include="SceneManager.h">
      <Filter>World</Filter>
    </ClInclude>
    <ClInclude Include="AdditionalObject.h">
      <Filter>Objects\AdditionalObject</Filter>
    </ClInclude>
    <ClInclude Include="SubWeapon.h">
      <Filter>Objects\AdditionalObject</Filter>
    </ClInclude>
    <ClInclude Include="DieEffect.h">
      <Filter>Objects\Misc</Filter>
    </ClInclude>
    <ClInclude Include="GoldPotion.h">
      <Filter>Objects\Item</Filter>
    </ClInclude>
    <ClInclude Include="Axe.h">
      <Filter>Objects\Item</Filter>
    </ClInclude>
    <ClInclude Include="HaiXanh.h">
      <Filter>Objects\Item</Filter>
    </ClInclude>
    <ClInclude Include="BoomeRang.h">
      <Filter>Objects\Item</Filter>
    </ClInclude>
    <ClInclude Include="Crown.h">
      <Filter>Objects\Item</Filter>
    </ClInclude>
    <ClInclude Include="HaiDo.h">
      <Filter>Objects\Item</Filter>
    </ClInclude>
    <ClInclude Include="SmallHeart.h">
      <Filter>Objects\Item</Filter>
    </ClInclude>
    <ClInclude Include="Item700PTS.h">
      <Filter>Objects\Item</Filter>
    </ClInclude>
    <ClInclude Include="Item400PTS.h">
      <Filter>Objects\Item</Filter>
    </ClInclude>
  </ItemGroup>
  <ItemGroup>
    <ClCompile Include="Sprite.cpp">
      <Filter>AnimationAndSprite</Filter>
    </ClCompile>
    <ClCompile Include="SpriteManager.cpp">
      <Filter>AnimationAndSprite</Filter>
    </ClCompile>
    <ClCompile Include="GameDirectX.cpp">
      <Filter>WindownDirectX</Filter>
    </ClCompile>
    <ClCompile Include="GameTexture.cpp">
      <Filter>WindownDirectX</Filter>
    </ClCompile>
    <ClCompile Include="GameUtils.cpp">
      <Filter>Utils</Filter>
    </ClCompile>
    <ClCompile Include="Tilemap.cpp">
      <Filter>World</Filter>
    </ClCompile>
    <ClCompile Include="WinMain.cpp">
      <Filter>WindownDirectX</Filter>
    </ClCompile>
    <ClCompile Include="WindowGame.cpp">
      <Filter>WindownDirectX</Filter>
    </ClCompile>
    <ClCompile Include="KEY.cpp">
      <Filter>Utils</Filter>
    </ClCompile>
    <ClCompile Include="Game.cpp">
      <Filter>WindownDirectX</Filter>
    </ClCompile>
    <ClCompile Include="GameTime.cpp">
      <Filter>Utils</Filter>
    </ClCompile>
    <ClCompile Include="GameConfiguration.cpp">
      <Filter>Utils</Filter>
    </ClCompile>
    <ClCompile Include="Collision.cpp">
      <Filter>Collision</Filter>
    </ClCompile>
    <ClCompile Include="Animation.cpp">
      <Filter>AnimationAndSprite</Filter>
    </ClCompile>
    <ClCompile Include="debug.cpp">
      <Filter>debug</Filter>
    </ClCompile>
    <ClCompile Include="Leopart.cpp">
      <Filter>Objects\Enemy</Filter>
    </ClCompile>
    <ClCompile Include="Enemy.cpp">
      <Filter>Objects\Enemy</Filter>
    </ClCompile>
    <ClCompile Include="Zoombie.cpp">
      <Filter>Objects\Enemy</Filter>
    </ClCompile>
    <ClCompile Include="fire.cpp">
      <Filter>Objects\Misc</Filter>
    </ClCompile>
    <ClCompile Include="Gate1.cpp">
      <Filter>Objects\Gate</Filter>
    </ClCompile>
    <ClCompile Include="Player.cpp">
      <Filter>Objects\Player</Filter>
    </ClCompile>
    <ClCompile Include="BaseObject.cpp">
      <Filter>Objects\Base</Filter>
    </ClCompile>
    <ClCompile Include="MovableRect.cpp">
      <Filter>Objects\Base</Filter>
    </ClCompile>
    <ClCompile Include="PhysicsObject.cpp">
      <Filter>Objects\Base</Filter>
    </ClCompile>
    <ClCompile Include="Rect.cpp">
      <Filter>Objects\Base</Filter>
    </ClCompile>
    <ClCompile Include="Weapon.cpp">
      <Filter>Objects\Weapon</Filter>
    </ClCompile>
    <ClCompile Include="Light.cpp">
      <Filter>Objects\Misc</Filter>
    </ClCompile>
    <ClCompile Include="DelayTime.cpp">
      <Filter>Utils</Filter>
    </ClCompile>
    <ClCompile Include="Cell.cpp">
      <Filter>Grid</Filter>
    </ClCompile>
    <ClCompile Include="Grid.cpp">
      <Filter>Grid</Filter>
    </ClCompile>
    <ClCompile Include="Misc.cpp">
      <Filter>Objects\Misc</Filter>
    </ClCompile>
    <ClCompile Include="Archery.cpp">
      <Filter>Objects\Item</Filter>
    </ClCompile>
    <ClCompile Include="Sword.cpp">
      <Filter>Objects\Item</Filter>
    </ClCompile>
    <ClCompile Include="BigHeart.cpp">
      <Filter>Objects\Item</Filter>
    </ClCompile>
    <ClCompile Include="Item.cpp">
      <Filter>Objects\Item</Filter>
    </ClCompile>
    <ClCompile Include="World.cpp">
      <Filter>World</Filter>
    </ClCompile>
    <ClCompile Include="Stair.cpp">
      <Filter>Stair</Filter>
    </ClCompile>
    <ClCompile Include="Camera.cpp">
      <Filter>Camera</Filter>
    </ClCompile>
    <ClCompile Include="Gate2.cpp">
      <Filter>Objects\Gate</Filter>
    </ClCompile>
    <ClCompile Include="Gate3.cpp">
      <Filter>Objects\Gate</Filter>
    </ClCompile>
    <ClCompile Include="BlackNight.cpp">
      <Filter>Objects\Enemy</Filter>
    </ClCompile>
    <ClCompile Include="Bat.cpp">
      <Filter>Objects\Enemy</Filter>
    </ClCompile>
    <ClCompile Include="Gate4.cpp">
      <Filter>Objects\Gate</Filter>
    </ClCompile>
    <ClCompile Include="Gate5.cpp">
      <Filter>Objects\Gate</Filter>
    </ClCompile>
    <ClCompile Include="gate6.cpp">
      <Filter>Objects\Gate</Filter>
    </ClCompile>
    <ClCompile Include="Gate7.cpp">
      <Filter>Objects\Gate</Filter>
    </ClCompile>
    <ClCompile Include="Sketon.cpp">
      <Filter>Objects\Enemy</Filter>
    </ClCompile>
    <ClCompile Include="Fleaman.cpp">
      <Filter>Objects\Enemy</Filter>
    </ClCompile>
    <ClCompile Include="Raven.cpp">
      <Filter>Objects\Enemy</Filter>
    </ClCompile>
    <ClCompile Include="ScoreBar.cpp">
      <Filter>Objects\ScoreBar</Filter>
    </ClCompile>
    <ClCompile Include="SceneManager.cpp">
      <Filter>World</Filter>
    </ClCompile>
    <ClCompile Include="AdditionalObject.cpp">
      <Filter>Objects\AdditionalObject</Filter>
    </ClCompile>
    <ClCompile Include="SubWeapon.cpp">
      <Filter>Objects\AdditionalObject</Filter>
    </ClCompile>
    <ClCompile Include="DieEffect.cpp">
      <Filter>Objects\Misc</Filter>
    </ClCompile>
    <ClCompile Include="GoldPotion.cpp">
      <Filter>Objects\Item</Filter>
    </ClCompile>
    <ClCompile Include="Axe.cpp">
      <Filter>Objects\Item</Filter>
    </ClCompile>
    <ClCompile Include="HaiXanh.cpp">
      <Filter>Objects\Item</Filter>
    </ClCompile>
    <ClCompile Include="BoomeRang.cpp">
      <Filter>Objects\Item</Filter>
    </ClCompile>
    <ClCompile Include="Crown.cpp">
      <Filter>Objects\Item</Filter>
    </ClCompile>
    <ClCompile Include="HaiDo.cpp">
      <Filter>Objects\Item</Filter>
    </ClCompile>
    <ClCompile Include="SmallHeart.cpp">
      <Filter>Objects\Item</Filter>
    </ClCompile>
    <ClCompile Include="Item1000PTS.cpp">
      <Filter>Objects\Item</Filter>
    </ClCompile>
    <ClCompile Include="Item1000PTS.h">
      <Filter>Objects\Item</Filter>
    </ClCompile>
    <ClCompile Include="Item700PTS.cpp">
      <Filter>Objects\Item</Filter>
    </ClCompile>
    <ClCompile Include="Item400PTS.cpp">
      <Filter>Objects\Item</Filter>
    </ClCompile>
  </ItemGroup>
</Project>